// !$*UTF8*$!
{
	archiveVersion = 1;
	classes = {
	};
	objectVersion = 51;
	objects = {

/* Begin PBXBuildFile section */
		A57A2B7E5B6A62F2B72D5872 /* Pods_livesharing.framework in Frameworks */ = {isa = PBXBuildFile; fileRef = 7B1CCF3F1734C9207EA92F8F /* Pods_livesharing.framework */; };
		D92D195E231B84EE00D82662 /* AppDelegate.swift in Sources */ = {isa = PBXBuildFile; fileRef = D92D195D231B84EE00D82662 /* AppDelegate.swift */; };
		D92D1965231B84EE00D82662 /* Main.storyboard in Resources */ = {isa = PBXBuildFile; fileRef = D92D1963231B84EE00D82662 /* Main.storyboard */; };
		D92D1967231B84EF00D82662 /* Assets.xcassets in Resources */ = {isa = PBXBuildFile; fileRef = D92D1966231B84EF00D82662 /* Assets.xcassets */; };
		D92D196A231B84EF00D82662 /* LaunchScreen.storyboard in Resources */ = {isa = PBXBuildFile; fileRef = D92D1968231B84EF00D82662 /* LaunchScreen.storyboard */; };
		D92D1976231B85D800D82662 /* ArtistsViewController.swift in Sources */ = {isa = PBXBuildFile; fileRef = D92D1975231B85D800D82662 /* ArtistsViewController.swift */; };
		D92D197A231B86DE00D82662 /* CalendarViewController.swift in Sources */ = {isa = PBXBuildFile; fileRef = D92D1979231B86DE00D82662 /* CalendarViewController.swift */; };
		D92D197C231B86E800D82662 /* Calendar.storyboard in Resources */ = {isa = PBXBuildFile; fileRef = D92D197B231B86E800D82662 /* Calendar.storyboard */; };
		D92D197E231B879D00D82662 /* MyPage.storyboard in Resources */ = {isa = PBXBuildFile; fileRef = D92D197D231B879D00D82662 /* MyPage.storyboard */; };
		D92D1980231B87A700D82662 /* MyPageViewController.swift in Sources */ = {isa = PBXBuildFile; fileRef = D92D197F231B87A700D82662 /* MyPageViewController.swift */; };
		D92D1982231B881300D82662 /* NotificationViewController.swift in Sources */ = {isa = PBXBuildFile; fileRef = D92D1981231B881300D82662 /* NotificationViewController.swift */; };
		D92D1984231B883800D82662 /* Notification.storyboard in Resources */ = {isa = PBXBuildFile; fileRef = D92D1983231B883800D82662 /* Notification.storyboard */; };
		D94A2161232B8106000D4071 /* SigninViewController.swift in Sources */ = {isa = PBXBuildFile; fileRef = D94A2160232B8106000D4071 /* SigninViewController.swift */; };
		D94A2163232B8141000D4071 /* Signin.storyboard in Resources */ = {isa = PBXBuildFile; fileRef = D94A2162232B8141000D4071 /* Signin.storyboard */; };
		D94A216C232B846C000D4071 /* SigninWithMainaddressViewController.swift in Sources */ = {isa = PBXBuildFile; fileRef = D94A216B232B846C000D4071 /* SigninWithMainaddressViewController.swift */; };
		D94A216E232B8491000D4071 /* SigninWithMailaddredd.storyboard in Resources */ = {isa = PBXBuildFile; fileRef = D94A216D232B8491000D4071 /* SigninWithMailaddredd.storyboard */; };
		D94A2170232B8500000D4071 /* LoginViewController.swift in Sources */ = {isa = PBXBuildFile; fileRef = D94A216F232B8500000D4071 /* LoginViewController.swift */; };
		D94A2172232B851C000D4071 /* Login.storyboard in Resources */ = {isa = PBXBuildFile; fileRef = D94A2171232B851C000D4071 /* Login.storyboard */; };
		D94A2174232B88EC000D4071 /* GoogleService-Info.plist in Resources */ = {isa = PBXBuildFile; fileRef = D94A2173232B88EC000D4071 /* GoogleService-Info.plist */; };
		D94A2176232B9206000D4071 /* AccountModel.swift in Sources */ = {isa = PBXBuildFile; fileRef = D94A2175232B9206000D4071 /* AccountModel.swift */; };
		D98DF3E823222760003F376A /* ArtistCellViewController.swift in Sources */ = {isa = PBXBuildFile; fileRef = D98DF3E723222760003F376A /* ArtistCellViewController.swift */; };
		D98DF3EC23227383003F376A /* ArtistCell.xib in Resources */ = {isa = PBXBuildFile; fileRef = D98DF3EB23227383003F376A /* ArtistCell.xib */; };
		D98DF3EF2322AD7F003F376A /* Artists.storyboard in Resources */ = {isa = PBXBuildFile; fileRef = D98DF3EE2322AD7F003F376A /* Artists.storyboard */; };
		D98DF3F22322AE4E003F376A /* ArtistPage.storyboard in Resources */ = {isa = PBXBuildFile; fileRef = D98DF3F12322AE4E003F376A /* ArtistPage.storyboard */; };
		D98DF3F42322AE80003F376A /* ArtistPageViewController.swift in Sources */ = {isa = PBXBuildFile; fileRef = D98DF3F32322AE80003F376A /* ArtistPageViewController.swift */; };
		D98DF3F92325239A003F376A /* MusicViewController.swift in Sources */ = {isa = PBXBuildFile; fileRef = D98DF3F82325239A003F376A /* MusicViewController.swift */; };
		D98DF3FB232523BB003F376A /* Music.storyboard in Resources */ = {isa = PBXBuildFile; fileRef = D98DF3FA232523BB003F376A /* Music.storyboard */; };
		D98DF3FD232523F5003F376A /* LiveViewController.swift in Sources */ = {isa = PBXBuildFile; fileRef = D98DF3FC232523F5003F376A /* LiveViewController.swift */; };
		D98DF3FF23252413003F376A /* Live.storyboard in Resources */ = {isa = PBXBuildFile; fileRef = D98DF3FE23252413003F376A /* Live.storyboard */; };
		D98DF4012325243D003F376A /* ArtistWikiViewController.swift in Sources */ = {isa = PBXBuildFile; fileRef = D98DF4002325243D003F376A /* ArtistWikiViewController.swift */; };
		D98DF40323252471003F376A /* ArtistWiki.storyboard in Resources */ = {isa = PBXBuildFile; fileRef = D98DF40223252471003F376A /* ArtistWiki.storyboard */; };
		D98DF4062325CA30003F376A /* MusicCellViewController.swift in Sources */ = {isa = PBXBuildFile; fileRef = D98DF4052325CA30003F376A /* MusicCellViewController.swift */; };
		D98DF4082325CA53003F376A /* MusicCell.xib in Resources */ = {isa = PBXBuildFile; fileRef = D98DF4072325CA53003F376A /* MusicCell.xib */; };
		D98DF40B2325D7F2003F376A /* LiveCell.xib in Resources */ = {isa = PBXBuildFile; fileRef = D98DF40A2325D7F1003F376A /* LiveCell.xib */; };
		D98DF40D2325D7FE003F376A /* LiveCellViewController.swift in Sources */ = {isa = PBXBuildFile; fileRef = D98DF40C2325D7FE003F376A /* LiveCellViewController.swift */; };
		D98DF41023266597003F376A /* RegisterArtistViewController.swift in Sources */ = {isa = PBXBuildFile; fileRef = D98DF40F23266597003F376A /* RegisterArtistViewController.swift */; };
		D98DF4122326665A003F376A /* RegisterArtist.storyboard in Resources */ = {isa = PBXBuildFile; fileRef = D98DF4112326665A003F376A /* RegisterArtist.storyboard */; };
		D98DF41523267626003F376A /* CalendarCellViewController.swift in Sources */ = {isa = PBXBuildFile; fileRef = D98DF41423267626003F376A /* CalendarCellViewController.swift */; };
		D98DF4172326764C003F376A /* CalendarCell.xib in Resources */ = {isa = PBXBuildFile; fileRef = D98DF4162326764C003F376A /* CalendarCell.xib */; };
		D98DF41A23267D14003F376A /* LivePageViewController.swift in Sources */ = {isa = PBXBuildFile; fileRef = D98DF41923267D14003F376A /* LivePageViewController.swift */; };
		D98DF41C23267D30003F376A /* LivePage.storyboard in Resources */ = {isa = PBXBuildFile; fileRef = D98DF41B23267D30003F376A /* LivePage.storyboard */; };
		D98DF41F232683B2003F376A /* InfoViewController.swift in Sources */ = {isa = PBXBuildFile; fileRef = D98DF41E232683B2003F376A /* InfoViewController.swift */; };
		D98DF421232683D0003F376A /* Info.storyboard in Resources */ = {isa = PBXBuildFile; fileRef = D98DF420232683D0003F376A /* Info.storyboard */; };
		D98DF42423268402003F376A /* CommentViewController.swift in Sources */ = {isa = PBXBuildFile; fileRef = D98DF42323268402003F376A /* CommentViewController.swift */; };
		D98DF4262326841B003F376A /* Comment.storyboard in Resources */ = {isa = PBXBuildFile; fileRef = D98DF4252326841B003F376A /* Comment.storyboard */; };
		D98DF42923268751003F376A /* CommentCellViewController.swift in Sources */ = {isa = PBXBuildFile; fileRef = D98DF42823268751003F376A /* CommentCellViewController.swift */; };
		D98DF42B2326876F003F376A /* CommentCell.xib in Resources */ = {isa = PBXBuildFile; fileRef = D98DF42A2326876F003F376A /* CommentCell.xib */; };
		D98DF42E232693D3003F376A /* NotificationCellViewController.swift in Sources */ = {isa = PBXBuildFile; fileRef = D98DF42D232693D3003F376A /* NotificationCellViewController.swift */; };
		D98DF430232693FC003F376A /* NotificationCell.xib in Resources */ = {isa = PBXBuildFile; fileRef = D98DF42F232693FC003F376A /* NotificationCell.xib */; };
		D98DF434232B215D003F376A /* LiveScheduleViewController.swift in Sources */ = {isa = PBXBuildFile; fileRef = D98DF433232B215D003F376A /* LiveScheduleViewController.swift */; };
		D98DF436232B218E003F376A /* LiveSchedule.storyboard in Resources */ = {isa = PBXBuildFile; fileRef = D98DF435232B218E003F376A /* LiveSchedule.storyboard */; };
		D98DF438232B21F4003F376A /* FavoriteArtistsViewController.swift in Sources */ = {isa = PBXBuildFile; fileRef = D98DF437232B21F4003F376A /* FavoriteArtistsViewController.swift */; };
		D98DF43A232B2221003F376A /* FavoriteArtists.storyboard in Resources */ = {isa = PBXBuildFile; fileRef = D98DF439232B2221003F376A /* FavoriteArtists.storyboard */; };
		D98DF43D232B4E84003F376A /* FavoriteArtistCellViewController.swift in Sources */ = {isa = PBXBuildFile; fileRef = D98DF43C232B4E84003F376A /* FavoriteArtistCellViewController.swift */; };
		D98DF43F232B4EAC003F376A /* FavoriteArtistCell.xib in Resources */ = {isa = PBXBuildFile; fileRef = D98DF43E232B4EAC003F376A /* FavoriteArtistCell.xib */; };
		D9A7A340232B6845002F410C /* LiveScheduleCellViewController.swift in Sources */ = {isa = PBXBuildFile; fileRef = D9A7A33F232B6845002F410C /* LiveScheduleCellViewController.swift */; };
		D9A7A342232B6868002F410C /* LiveScheduleCell.xib in Resources */ = {isa = PBXBuildFile; fileRef = D9A7A341232B6868002F410C /* LiveScheduleCell.xib */; };
		D9A7A344232B6CBF002F410C /* UserModel.swift in Sources */ = {isa = PBXBuildFile; fileRef = D9A7A343232B6CBF002F410C /* UserModel.swift */; };
		D9A7A346232B6CC8002F410C /* LiveModel.swift in Sources */ = {isa = PBXBuildFile; fileRef = D9A7A345232B6CC8002F410C /* LiveModel.swift */; };
		D9A7A348232B6CCF002F410C /* ArtistModel.swift in Sources */ = {isa = PBXBuildFile; fileRef = D9A7A347232B6CCF002F410C /* ArtistModel.swift */; };
		D9A7A34A232B6CDA002F410C /* MusicModel.swift in Sources */ = {isa = PBXBuildFile; fileRef = D9A7A349232B6CDA002F410C /* MusicModel.swift */; };
		D9A7A34C232B6CF2002F410C /* NotificationModel.swift in Sources */ = {isa = PBXBuildFile; fileRef = D9A7A34B232B6CF2002F410C /* NotificationModel.swift */; };
		D9A7A34E232B6DC7002F410C /* WikiModel.swift in Sources */ = {isa = PBXBuildFile; fileRef = D9A7A34D232B6DC7002F410C /* WikiModel.swift */; };
		D9A7A350232B70A3002F410C /* CommentModel.swift in Sources */ = {isa = PBXBuildFile; fileRef = D9A7A34F232B70A3002F410C /* CommentModel.swift */; };
/* End PBXBuildFile section */

/* Begin PBXFileReference section */
		2FB3ACBD57BA3DDC39F171A8 /* Pods-livesharing.debug.xcconfig */ = {isa = PBXFileReference; includeInIndex = 1; lastKnownFileType = text.xcconfig; name = "Pods-livesharing.debug.xcconfig"; path = "Target Support Files/Pods-livesharing/Pods-livesharing.debug.xcconfig"; sourceTree = "<group>"; };
		5B2B72A6E553890F0B5C9D23 /* Pods-livesharing.release.xcconfig */ = {isa = PBXFileReference; includeInIndex = 1; lastKnownFileType = text.xcconfig; name = "Pods-livesharing.release.xcconfig"; path = "Target Support Files/Pods-livesharing/Pods-livesharing.release.xcconfig"; sourceTree = "<group>"; };
		7B1CCF3F1734C9207EA92F8F /* Pods_livesharing.framework */ = {isa = PBXFileReference; explicitFileType = wrapper.framework; includeInIndex = 0; path = Pods_livesharing.framework; sourceTree = BUILT_PRODUCTS_DIR; };
		D92D195A231B84EE00D82662 /* livesharing.app */ = {isa = PBXFileReference; explicitFileType = wrapper.application; includeInIndex = 0; path = livesharing.app; sourceTree = BUILT_PRODUCTS_DIR; };
		D92D195D231B84EE00D82662 /* AppDelegate.swift */ = {isa = PBXFileReference; lastKnownFileType = sourcecode.swift; path = AppDelegate.swift; sourceTree = "<group>"; };
		D92D1964231B84EE00D82662 /* Base */ = {isa = PBXFileReference; lastKnownFileType = file.storyboard; name = Base; path = Base.lproj/Main.storyboard; sourceTree = "<group>"; };
		D92D1966231B84EF00D82662 /* Assets.xcassets */ = {isa = PBXFileReference; lastKnownFileType = folder.assetcatalog; path = Assets.xcassets; sourceTree = "<group>"; };
		D92D1969231B84EF00D82662 /* Base */ = {isa = PBXFileReference; lastKnownFileType = file.storyboard; name = Base; path = Base.lproj/LaunchScreen.storyboard; sourceTree = "<group>"; };
		D92D196B231B84EF00D82662 /* Info.plist */ = {isa = PBXFileReference; lastKnownFileType = text.plist.xml; path = Info.plist; sourceTree = "<group>"; };
		D92D1975231B85D800D82662 /* ArtistsViewController.swift */ = {isa = PBXFileReference; lastKnownFileType = sourcecode.swift; path = ArtistsViewController.swift; sourceTree = "<group>"; };
		D92D1979231B86DE00D82662 /* CalendarViewController.swift */ = {isa = PBXFileReference; lastKnownFileType = sourcecode.swift; path = CalendarViewController.swift; sourceTree = "<group>"; };
		D92D197B231B86E800D82662 /* Calendar.storyboard */ = {isa = PBXFileReference; lastKnownFileType = file.storyboard; path = Calendar.storyboard; sourceTree = "<group>"; };
		D92D197D231B879D00D82662 /* MyPage.storyboard */ = {isa = PBXFileReference; lastKnownFileType = file.storyboard; path = MyPage.storyboard; sourceTree = "<group>"; };
		D92D197F231B87A700D82662 /* MyPageViewController.swift */ = {isa = PBXFileReference; lastKnownFileType = sourcecode.swift; path = MyPageViewController.swift; sourceTree = "<group>"; };
		D92D1981231B881300D82662 /* NotificationViewController.swift */ = {isa = PBXFileReference; lastKnownFileType = sourcecode.swift; path = NotificationViewController.swift; sourceTree = "<group>"; };
		D92D1983231B883800D82662 /* Notification.storyboard */ = {isa = PBXFileReference; lastKnownFileType = file.storyboard; path = Notification.storyboard; sourceTree = "<group>"; };
		D94A2160232B8106000D4071 /* SigninViewController.swift */ = {isa = PBXFileReference; lastKnownFileType = sourcecode.swift; path = SigninViewController.swift; sourceTree = "<group>"; };
		D94A2162232B8141000D4071 /* Signin.storyboard */ = {isa = PBXFileReference; lastKnownFileType = file.storyboard; path = Signin.storyboard; sourceTree = "<group>"; };
		D94A216B232B846C000D4071 /* SigninWithMainaddressViewController.swift */ = {isa = PBXFileReference; lastKnownFileType = sourcecode.swift; path = SigninWithMainaddressViewController.swift; sourceTree = "<group>"; };
		D94A216D232B8491000D4071 /* SigninWithMailaddredd.storyboard */ = {isa = PBXFileReference; lastKnownFileType = file.storyboard; path = SigninWithMailaddredd.storyboard; sourceTree = "<group>"; };
		D94A216F232B8500000D4071 /* LoginViewController.swift */ = {isa = PBXFileReference; lastKnownFileType = sourcecode.swift; path = LoginViewController.swift; sourceTree = "<group>"; };
		D94A2171232B851C000D4071 /* Login.storyboard */ = {isa = PBXFileReference; lastKnownFileType = file.storyboard; path = Login.storyboard; sourceTree = "<group>"; };
		D94A2173232B88EC000D4071 /* GoogleService-Info.plist */ = {isa = PBXFileReference; fileEncoding = 4; lastKnownFileType = text.plist.xml; path = "GoogleService-Info.plist"; sourceTree = "<group>"; };
		D94A2175232B9206000D4071 /* AccountModel.swift */ = {isa = PBXFileReference; lastKnownFileType = sourcecode.swift; path = AccountModel.swift; sourceTree = "<group>"; };
		D98DF3E723222760003F376A /* ArtistCellViewController.swift */ = {isa = PBXFileReference; lastKnownFileType = sourcecode.swift; path = ArtistCellViewController.swift; sourceTree = "<group>"; };
		D98DF3EB23227383003F376A /* ArtistCell.xib */ = {isa = PBXFileReference; lastKnownFileType = file.xib; path = ArtistCell.xib; sourceTree = "<group>"; };
		D98DF3EE2322AD7F003F376A /* Artists.storyboard */ = {isa = PBXFileReference; lastKnownFileType = file.storyboard; path = Artists.storyboard; sourceTree = "<group>"; };
		D98DF3F12322AE4E003F376A /* ArtistPage.storyboard */ = {isa = PBXFileReference; lastKnownFileType = file.storyboard; path = ArtistPage.storyboard; sourceTree = "<group>"; };
		D98DF3F32322AE80003F376A /* ArtistPageViewController.swift */ = {isa = PBXFileReference; lastKnownFileType = sourcecode.swift; path = ArtistPageViewController.swift; sourceTree = "<group>"; };
		D98DF3F82325239A003F376A /* MusicViewController.swift */ = {isa = PBXFileReference; lastKnownFileType = sourcecode.swift; path = MusicViewController.swift; sourceTree = "<group>"; };
		D98DF3FA232523BB003F376A /* Music.storyboard */ = {isa = PBXFileReference; lastKnownFileType = file.storyboard; path = Music.storyboard; sourceTree = "<group>"; };
		D98DF3FC232523F5003F376A /* LiveViewController.swift */ = {isa = PBXFileReference; lastKnownFileType = sourcecode.swift; path = LiveViewController.swift; sourceTree = "<group>"; };
		D98DF3FE23252413003F376A /* Live.storyboard */ = {isa = PBXFileReference; lastKnownFileType = file.storyboard; path = Live.storyboard; sourceTree = "<group>"; };
		D98DF4002325243D003F376A /* ArtistWikiViewController.swift */ = {isa = PBXFileReference; lastKnownFileType = sourcecode.swift; path = ArtistWikiViewController.swift; sourceTree = "<group>"; };
		D98DF40223252471003F376A /* ArtistWiki.storyboard */ = {isa = PBXFileReference; lastKnownFileType = file.storyboard; path = ArtistWiki.storyboard; sourceTree = "<group>"; };
		D98DF4052325CA30003F376A /* MusicCellViewController.swift */ = {isa = PBXFileReference; lastKnownFileType = sourcecode.swift; path = MusicCellViewController.swift; sourceTree = "<group>"; };
		D98DF4072325CA53003F376A /* MusicCell.xib */ = {isa = PBXFileReference; lastKnownFileType = file.xib; path = MusicCell.xib; sourceTree = "<group>"; };
		D98DF40A2325D7F1003F376A /* LiveCell.xib */ = {isa = PBXFileReference; lastKnownFileType = file.xib; path = LiveCell.xib; sourceTree = "<group>"; };
		D98DF40C2325D7FE003F376A /* LiveCellViewController.swift */ = {isa = PBXFileReference; lastKnownFileType = sourcecode.swift; path = LiveCellViewController.swift; sourceTree = "<group>"; };
		D98DF40F23266597003F376A /* RegisterArtistViewController.swift */ = {isa = PBXFileReference; lastKnownFileType = sourcecode.swift; path = RegisterArtistViewController.swift; sourceTree = "<group>"; };
		D98DF4112326665A003F376A /* RegisterArtist.storyboard */ = {isa = PBXFileReference; lastKnownFileType = file.storyboard; path = RegisterArtist.storyboard; sourceTree = "<group>"; };
		D98DF41423267626003F376A /* CalendarCellViewController.swift */ = {isa = PBXFileReference; lastKnownFileType = sourcecode.swift; path = CalendarCellViewController.swift; sourceTree = "<group>"; };
		D98DF4162326764C003F376A /* CalendarCell.xib */ = {isa = PBXFileReference; lastKnownFileType = file.xib; path = CalendarCell.xib; sourceTree = "<group>"; };
		D98DF41923267D14003F376A /* LivePageViewController.swift */ = {isa = PBXFileReference; lastKnownFileType = sourcecode.swift; path = LivePageViewController.swift; sourceTree = "<group>"; };
		D98DF41B23267D30003F376A /* LivePage.storyboard */ = {isa = PBXFileReference; lastKnownFileType = file.storyboard; path = LivePage.storyboard; sourceTree = "<group>"; };
		D98DF41E232683B2003F376A /* InfoViewController.swift */ = {isa = PBXFileReference; lastKnownFileType = sourcecode.swift; path = InfoViewController.swift; sourceTree = "<group>"; };
		D98DF420232683D0003F376A /* Info.storyboard */ = {isa = PBXFileReference; lastKnownFileType = file.storyboard; path = Info.storyboard; sourceTree = "<group>"; };
		D98DF42323268402003F376A /* CommentViewController.swift */ = {isa = PBXFileReference; lastKnownFileType = sourcecode.swift; path = CommentViewController.swift; sourceTree = "<group>"; };
		D98DF4252326841B003F376A /* Comment.storyboard */ = {isa = PBXFileReference; lastKnownFileType = file.storyboard; path = Comment.storyboard; sourceTree = "<group>"; };
		D98DF42823268751003F376A /* CommentCellViewController.swift */ = {isa = PBXFileReference; lastKnownFileType = sourcecode.swift; path = CommentCellViewController.swift; sourceTree = "<group>"; };
		D98DF42A2326876F003F376A /* CommentCell.xib */ = {isa = PBXFileReference; lastKnownFileType = file.xib; path = CommentCell.xib; sourceTree = "<group>"; };
		D98DF42D232693D3003F376A /* NotificationCellViewController.swift */ = {isa = PBXFileReference; lastKnownFileType = sourcecode.swift; path = NotificationCellViewController.swift; sourceTree = "<group>"; };
		D98DF42F232693FC003F376A /* NotificationCell.xib */ = {isa = PBXFileReference; lastKnownFileType = file.xib; path = NotificationCell.xib; sourceTree = "<group>"; };
		D98DF433232B215D003F376A /* LiveScheduleViewController.swift */ = {isa = PBXFileReference; lastKnownFileType = sourcecode.swift; path = LiveScheduleViewController.swift; sourceTree = "<group>"; };
		D98DF435232B218E003F376A /* LiveSchedule.storyboard */ = {isa = PBXFileReference; lastKnownFileType = file.storyboard; path = LiveSchedule.storyboard; sourceTree = "<group>"; };
		D98DF437232B21F4003F376A /* FavoriteArtistsViewController.swift */ = {isa = PBXFileReference; lastKnownFileType = sourcecode.swift; path = FavoriteArtistsViewController.swift; sourceTree = "<group>"; };
		D98DF439232B2221003F376A /* FavoriteArtists.storyboard */ = {isa = PBXFileReference; lastKnownFileType = file.storyboard; path = FavoriteArtists.storyboard; sourceTree = "<group>"; };
		D98DF43C232B4E84003F376A /* FavoriteArtistCellViewController.swift */ = {isa = PBXFileReference; lastKnownFileType = sourcecode.swift; path = FavoriteArtistCellViewController.swift; sourceTree = "<group>"; };
		D98DF43E232B4EAC003F376A /* FavoriteArtistCell.xib */ = {isa = PBXFileReference; lastKnownFileType = file.xib; path = FavoriteArtistCell.xib; sourceTree = "<group>"; };
		D9A7A33F232B6845002F410C /* LiveScheduleCellViewController.swift */ = {isa = PBXFileReference; lastKnownFileType = sourcecode.swift; path = LiveScheduleCellViewController.swift; sourceTree = "<group>"; };
		D9A7A341232B6868002F410C /* LiveScheduleCell.xib */ = {isa = PBXFileReference; lastKnownFileType = file.xib; path = LiveScheduleCell.xib; sourceTree = "<group>"; };
		D9A7A343232B6CBF002F410C /* UserModel.swift */ = {isa = PBXFileReference; lastKnownFileType = sourcecode.swift; path = UserModel.swift; sourceTree = "<group>"; };
		D9A7A345232B6CC8002F410C /* LiveModel.swift */ = {isa = PBXFileReference; lastKnownFileType = sourcecode.swift; path = LiveModel.swift; sourceTree = "<group>"; };
		D9A7A347232B6CCF002F410C /* ArtistModel.swift */ = {isa = PBXFileReference; lastKnownFileType = sourcecode.swift; path = ArtistModel.swift; sourceTree = "<group>"; };
		D9A7A349232B6CDA002F410C /* MusicModel.swift */ = {isa = PBXFileReference; lastKnownFileType = sourcecode.swift; path = MusicModel.swift; sourceTree = "<group>"; };
		D9A7A34B232B6CF2002F410C /* NotificationModel.swift */ = {isa = PBXFileReference; lastKnownFileType = sourcecode.swift; path = NotificationModel.swift; sourceTree = "<group>"; };
		D9A7A34D232B6DC7002F410C /* WikiModel.swift */ = {isa = PBXFileReference; lastKnownFileType = sourcecode.swift; path = WikiModel.swift; sourceTree = "<group>"; };
		D9A7A34F232B70A3002F410C /* CommentModel.swift */ = {isa = PBXFileReference; lastKnownFileType = sourcecode.swift; path = CommentModel.swift; sourceTree = "<group>"; };
/* End PBXFileReference section */

/* Begin PBXFrameworksBuildPhase section */
		D92D1957231B84EE00D82662 /* Frameworks */ = {
			isa = PBXFrameworksBuildPhase;
			buildActionMask = 2147483647;
			files = (
				A57A2B7E5B6A62F2B72D5872 /* Pods_livesharing.framework in Frameworks */,
			);
			runOnlyForDeploymentPostprocessing = 0;
		};
/* End PBXFrameworksBuildPhase section */

/* Begin PBXGroup section */
		2FA17DF498B2FFB05C385B08 /* Pods */ = {
			isa = PBXGroup;
			children = (
				2FB3ACBD57BA3DDC39F171A8 /* Pods-livesharing.debug.xcconfig */,
				5B2B72A6E553890F0B5C9D23 /* Pods-livesharing.release.xcconfig */,
			);
			path = Pods;
			sourceTree = "<group>";
		};
		735EAE7CA456C2621196EEF5 /* Frameworks */ = {
			isa = PBXGroup;
			children = (
				7B1CCF3F1734C9207EA92F8F /* Pods_livesharing.framework */,
			);
			name = Frameworks;
			sourceTree = "<group>";
		};
		D92D1951231B84EE00D82662 = {
			isa = PBXGroup;
			children = (
				D92D195C231B84EE00D82662 /* livesharing */,
				D92D195B231B84EE00D82662 /* Products */,
				2FA17DF498B2FFB05C385B08 /* Pods */,
				735EAE7CA456C2621196EEF5 /* Frameworks */,
			);
			sourceTree = "<group>";
		};
		D92D195B231B84EE00D82662 /* Products */ = {
			isa = PBXGroup;
			children = (
				D92D195A231B84EE00D82662 /* livesharing.app */,
			);
			name = Products;
			sourceTree = "<group>";
		};
		D92D195C231B84EE00D82662 /* livesharing */ = {
			isa = PBXGroup;
			children = (
				D92D1989231B941D00D82662 /* View */,
				D92D1988231B940C00D82662 /* Model */,
				D92D196B231B84EF00D82662 /* Info.plist */,
				D94A2173232B88EC000D4071 /* GoogleService-Info.plist */,
				D92D1968231B84EF00D82662 /* LaunchScreen.storyboard */,
			);
			path = livesharing;
			sourceTree = "<group>";
		};
		D92D1971231B84FC00D82662 /* Calendar */ = {
			isa = PBXGroup;
			children = (
				D98DF41823267D05003F376A /* LivePage */,
				D98DF4132326761B003F376A /* CalendarCell */,
				D92D1979231B86DE00D82662 /* CalendarViewController.swift */,
				D92D197B231B86E800D82662 /* Calendar.storyboard */,
			);
			path = Calendar;
			sourceTree = "<group>";
		};
		D92D1972231B851300D82662 /* Artists */ = {
			isa = PBXGroup;
			children = (
				D98DF3F02322AE3E003F376A /* ArtistPage */,
				D98DF3E623222746003F376A /* ArtistsCell */,
				D98DF40E23266581003F376A /* RegisterArtist */,
				D92D1975231B85D800D82662 /* ArtistsViewController.swift */,
				D98DF3EE2322AD7F003F376A /* Artists.storyboard */,
			);
			path = Artists;
			sourceTree = "<group>";
		};
		D92D1973231B852100D82662 /* MyPage */ = {
			isa = PBXGroup;
			children = (
				D98DF432232B2142003F376A /* FavoriteArtists */,
				D98DF431232B2131003F376A /* LiveSchedule */,
				D92D197F231B87A700D82662 /* MyPageViewController.swift */,
				D92D197D231B879D00D82662 /* MyPage.storyboard */,
			);
			path = MyPage;
			sourceTree = "<group>";
		};
		D92D1974231B853000D82662 /* Notification */ = {
			isa = PBXGroup;
			children = (
				D98DF42C232693BD003F376A /* NotificationCell */,
				D92D1981231B881300D82662 /* NotificationViewController.swift */,
				D92D1983231B883800D82662 /* Notification.storyboard */,
			);
			path = Notification;
			sourceTree = "<group>";
		};
		D92D1988231B940C00D82662 /* Model */ = {
			isa = PBXGroup;
			children = (
				D9A7A343232B6CBF002F410C /* UserModel.swift */,
				D9A7A345232B6CC8002F410C /* LiveModel.swift */,
				D9A7A347232B6CCF002F410C /* ArtistModel.swift */,
				D9A7A34D232B6DC7002F410C /* WikiModel.swift */,
				D9A7A349232B6CDA002F410C /* MusicModel.swift */,
				D9A7A34B232B6CF2002F410C /* NotificationModel.swift */,
				D9A7A34F232B70A3002F410C /* CommentModel.swift */,
				D94A2175232B9206000D4071 /* AccountModel.swift */,
			);
			path = Model;
			sourceTree = "<group>";
		};
		D92D1989231B941D00D82662 /* View */ = {
			isa = PBXGroup;
			children = (
				D92D1963231B84EE00D82662 /* Main.storyboard */,
				D92D195D231B84EE00D82662 /* AppDelegate.swift */,
				D92D1966231B84EF00D82662 /* Assets.xcassets */,
				D9A7A351232B79B4002F410C /* WorkThrough */,
				D92D1971231B84FC00D82662 /* Calendar */,
				D92D1972231B851300D82662 /* Artists */,
				D92D1974231B853000D82662 /* Notification */,
				D92D1973231B852100D82662 /* MyPage */,
			);
			path = View;
			sourceTree = "<group>";
		};
		D94A215F232B80A6000D4071 /* Signin */ = {
			isa = PBXGroup;
			children = (
				D94A2166232B8348000D4071 /* SigninWithMailaddress */,
				D94A2165232B8345000D4071 /* Login */,
				D94A2160232B8106000D4071 /* SigninViewController.swift */,
				D94A2162232B8141000D4071 /* Signin.storyboard */,
			);
			path = Signin;
			sourceTree = "<group>";
		};
		D94A2165232B8345000D4071 /* Login */ = {
			isa = PBXGroup;
			children = (
				D94A216F232B8500000D4071 /* LoginViewController.swift */,
				D94A2171232B851C000D4071 /* Login.storyboard */,
			);
			path = Login;
			sourceTree = "<group>";
		};
		D94A2166232B8348000D4071 /* SigninWithMailaddress */ = {
			isa = PBXGroup;
			children = (
				D94A216B232B846C000D4071 /* SigninWithMainaddressViewController.swift */,
				D94A216D232B8491000D4071 /* SigninWithMailaddredd.storyboard */,
			);
			path = SigninWithMailaddress;
			sourceTree = "<group>";
		};
		D98DF3E623222746003F376A /* ArtistsCell */ = {
			isa = PBXGroup;
			children = (
				D98DF3E723222760003F376A /* ArtistCellViewController.swift */,
				D98DF3EB23227383003F376A /* ArtistCell.xib */,
			);
			path = ArtistsCell;
			sourceTree = "<group>";
		};
		D98DF3F02322AE3E003F376A /* ArtistPage */ = {
			isa = PBXGroup;
			children = (
				D98DF3F623252376003F376A /* Music */,
				D98DF3F523252368003F376A /* Live */,
				D98DF3F723252384003F376A /* Wiki */,
				D98DF3F12322AE4E003F376A /* ArtistPage.storyboard */,
				D98DF3F32322AE80003F376A /* ArtistPageViewController.swift */,
			);
			path = ArtistPage;
			sourceTree = "<group>";
		};
		D98DF3F523252368003F376A /* Live */ = {
			isa = PBXGroup;
			children = (
				D98DF4092325D7E0003F376A /* LiveCell */,
				D98DF3FC232523F5003F376A /* LiveViewController.swift */,
				D98DF3FE23252413003F376A /* Live.storyboard */,
			);
			path = Live;
			sourceTree = "<group>";
		};
		D98DF3F623252376003F376A /* Music */ = {
			isa = PBXGroup;
			children = (
				D98DF4042325CA1F003F376A /* MusicCell */,
				D98DF3F82325239A003F376A /* MusicViewController.swift */,
				D98DF3FA232523BB003F376A /* Music.storyboard */,
			);
			path = Music;
			sourceTree = "<group>";
		};
		D98DF3F723252384003F376A /* Wiki */ = {
			isa = PBXGroup;
			children = (
				D98DF4002325243D003F376A /* ArtistWikiViewController.swift */,
				D98DF40223252471003F376A /* ArtistWiki.storyboard */,
			);
			path = Wiki;
			sourceTree = "<group>";
		};
		D98DF4042325CA1F003F376A /* MusicCell */ = {
			isa = PBXGroup;
			children = (
				D98DF4052325CA30003F376A /* MusicCellViewController.swift */,
				D98DF4072325CA53003F376A /* MusicCell.xib */,
			);
			path = MusicCell;
			sourceTree = "<group>";
		};
		D98DF4092325D7E0003F376A /* LiveCell */ = {
			isa = PBXGroup;
			children = (
				D98DF40C2325D7FE003F376A /* LiveCellViewController.swift */,
				D98DF40A2325D7F1003F376A /* LiveCell.xib */,
			);
			path = LiveCell;
			sourceTree = "<group>";
		};
		D98DF40E23266581003F376A /* RegisterArtist */ = {
			isa = PBXGroup;
			children = (
				D98DF40F23266597003F376A /* RegisterArtistViewController.swift */,
				D98DF4112326665A003F376A /* RegisterArtist.storyboard */,
			);
			path = RegisterArtist;
			sourceTree = "<group>";
		};
		D98DF4132326761B003F376A /* CalendarCell */ = {
			isa = PBXGroup;
			children = (
				D98DF41423267626003F376A /* CalendarCellViewController.swift */,
				D98DF4162326764C003F376A /* CalendarCell.xib */,
			);
			path = CalendarCell;
			sourceTree = "<group>";
		};
		D98DF41823267D05003F376A /* LivePage */ = {
			isa = PBXGroup;
			children = (
				D98DF41D232683A2003F376A /* Info */,
				D98DF422232683F1003F376A /* Comment */,
				D98DF41923267D14003F376A /* LivePageViewController.swift */,
				D98DF41B23267D30003F376A /* LivePage.storyboard */,
			);
			path = LivePage;
			sourceTree = "<group>";
		};
		D98DF41D232683A2003F376A /* Info */ = {
			isa = PBXGroup;
			children = (
				D98DF41E232683B2003F376A /* InfoViewController.swift */,
				D98DF420232683D0003F376A /* Info.storyboard */,
			);
			path = Info;
			sourceTree = "<group>";
		};
		D98DF422232683F1003F376A /* Comment */ = {
			isa = PBXGroup;
			children = (
				D98DF42723268741003F376A /* CommentCell */,
				D98DF42323268402003F376A /* CommentViewController.swift */,
				D98DF4252326841B003F376A /* Comment.storyboard */,
			);
			path = Comment;
			sourceTree = "<group>";
		};
		D98DF42723268741003F376A /* CommentCell */ = {
			isa = PBXGroup;
			children = (
				D98DF42823268751003F376A /* CommentCellViewController.swift */,
				D98DF42A2326876F003F376A /* CommentCell.xib */,
			);
			path = CommentCell;
			sourceTree = "<group>";
		};
		D98DF42C232693BD003F376A /* NotificationCell */ = {
			isa = PBXGroup;
			children = (
				D98DF42D232693D3003F376A /* NotificationCellViewController.swift */,
				D98DF42F232693FC003F376A /* NotificationCell.xib */,
			);
			path = NotificationCell;
			sourceTree = "<group>";
		};
		D98DF431232B2131003F376A /* LiveSchedule */ = {
			isa = PBXGroup;
			children = (
				D9A7A33E232B6823002F410C /* LiveScheduleCell */,
				D98DF433232B215D003F376A /* LiveScheduleViewController.swift */,
				D98DF435232B218E003F376A /* LiveSchedule.storyboard */,
			);
			path = LiveSchedule;
			sourceTree = "<group>";
		};
		D98DF432232B2142003F376A /* FavoriteArtists */ = {
			isa = PBXGroup;
			children = (
				D98DF43B232B4E6D003F376A /* FavoriteArtistCell */,
				D98DF437232B21F4003F376A /* FavoriteArtistsViewController.swift */,
				D98DF439232B2221003F376A /* FavoriteArtists.storyboard */,
			);
			path = FavoriteArtists;
			sourceTree = "<group>";
		};
		D98DF43B232B4E6D003F376A /* FavoriteArtistCell */ = {
			isa = PBXGroup;
			children = (
				D98DF43C232B4E84003F376A /* FavoriteArtistCellViewController.swift */,
				D98DF43E232B4EAC003F376A /* FavoriteArtistCell.xib */,
			);
			path = FavoriteArtistCell;
			sourceTree = "<group>";
		};
		D9A7A33E232B6823002F410C /* LiveScheduleCell */ = {
			isa = PBXGroup;
			children = (
				D9A7A33F232B6845002F410C /* LiveScheduleCellViewController.swift */,
				D9A7A341232B6868002F410C /* LiveScheduleCell.xib */,
			);
			path = LiveScheduleCell;
			sourceTree = "<group>";
		};
		D9A7A351232B79B4002F410C /* WorkThrough */ = {
			isa = PBXGroup;
			children = (
				D94A215F232B80A6000D4071 /* Signin */,
			);
			path = WorkThrough;
			sourceTree = "<group>";
		};
/* End PBXGroup section */

/* Begin PBXNativeTarget section */
		D92D1959231B84EE00D82662 /* livesharing */ = {
			isa = PBXNativeTarget;
			buildConfigurationList = D92D196E231B84EF00D82662 /* Build configuration list for PBXNativeTarget "livesharing" */;
			buildPhases = (
				C5803C0E319334AAC6A401F8 /* [CP] Check Pods Manifest.lock */,
				D92D1956231B84EE00D82662 /* Sources */,
				D92D1957231B84EE00D82662 /* Frameworks */,
				D92D1958231B84EE00D82662 /* Resources */,
				3A96832DB683D2D2562D671B /* [CP] Embed Pods Frameworks */,
			);
			buildRules = (
			);
			dependencies = (
			);
			name = livesharing;
			productName = livesharing;
			productReference = D92D195A231B84EE00D82662 /* livesharing.app */;
			productType = "com.apple.product-type.application";
		};
/* End PBXNativeTarget section */

/* Begin PBXProject section */
		D92D1952231B84EE00D82662 /* Project object */ = {
			isa = PBXProject;
			attributes = {
				LastSwiftUpdateCheck = 1030;
				LastUpgradeCheck = 1030;
				ORGANIZATIONNAME = "Masato TSUTSUMI";
				TargetAttributes = {
					D92D1959231B84EE00D82662 = {
						CreatedOnToolsVersion = 10.3;
					};
				};
			};
			buildConfigurationList = D92D1955231B84EE00D82662 /* Build configuration list for PBXProject "livesharing" */;
			compatibilityVersion = "Xcode 9.3";
			developmentRegion = en;
			hasScannedForEncodings = 0;
			knownRegions = (
				en,
				Base,
			);
			mainGroup = D92D1951231B84EE00D82662;
			productRefGroup = D92D195B231B84EE00D82662 /* Products */;
			projectDirPath = "";
			projectRoot = "";
			targets = (
				D92D1959231B84EE00D82662 /* livesharing */,
			);
		};
/* End PBXProject section */

/* Begin PBXResourcesBuildPhase section */
		D92D1958231B84EE00D82662 /* Resources */ = {
			isa = PBXResourcesBuildPhase;
			buildActionMask = 2147483647;
			files = (
				D98DF421232683D0003F376A /* Info.storyboard in Resources */,
				D92D196A231B84EF00D82662 /* LaunchScreen.storyboard in Resources */,
				D92D197E231B879D00D82662 /* MyPage.storyboard in Resources */,
				D9A7A342232B6868002F410C /* LiveScheduleCell.xib in Resources */,
				D98DF43A232B2221003F376A /* FavoriteArtists.storyboard in Resources */,
				D98DF3FF23252413003F376A /* Live.storyboard in Resources */,
				D94A2163232B8141000D4071 /* Signin.storyboard in Resources */,
				D92D1967231B84EF00D82662 /* Assets.xcassets in Resources */,
				D94A2172232B851C000D4071 /* Login.storyboard in Resources */,
				D98DF3F22322AE4E003F376A /* ArtistPage.storyboard in Resources */,
				D98DF3EF2322AD7F003F376A /* Artists.storyboard in Resources */,
				D98DF4262326841B003F376A /* Comment.storyboard in Resources */,
				D92D1965231B84EE00D82662 /* Main.storyboard in Resources */,
				D98DF4082325CA53003F376A /* MusicCell.xib in Resources */,
				D98DF3FB232523BB003F376A /* Music.storyboard in Resources */,
				D98DF430232693FC003F376A /* NotificationCell.xib in Resources */,
				D94A2174232B88EC000D4071 /* GoogleService-Info.plist in Resources */,
				D98DF40B2325D7F2003F376A /* LiveCell.xib in Resources */,
				D92D197C231B86E800D82662 /* Calendar.storyboard in Resources */,
				D98DF4172326764C003F376A /* CalendarCell.xib in Resources */,
				D98DF3EC23227383003F376A /* ArtistCell.xib in Resources */,
				D94A216E232B8491000D4071 /* SigninWithMailaddredd.storyboard in Resources */,
				D98DF42B2326876F003F376A /* CommentCell.xib in Resources */,
				D92D1984231B883800D82662 /* Notification.storyboard in Resources */,
				D98DF41C23267D30003F376A /* LivePage.storyboard in Resources */,
				D98DF40323252471003F376A /* ArtistWiki.storyboard in Resources */,
				D98DF4122326665A003F376A /* RegisterArtist.storyboard in Resources */,
				D98DF43F232B4EAC003F376A /* FavoriteArtistCell.xib in Resources */,
				D98DF436232B218E003F376A /* LiveSchedule.storyboard in Resources */,
			);
			runOnlyForDeploymentPostprocessing = 0;
		};
/* End PBXResourcesBuildPhase section */

/* Begin PBXShellScriptBuildPhase section */
		3A96832DB683D2D2562D671B /* [CP] Embed Pods Frameworks */ = {
			isa = PBXShellScriptBuildPhase;
			buildActionMask = 2147483647;
			files = (
			);
			inputFileListPaths = (
				"${PODS_ROOT}/Target Support Files/Pods-livesharing/Pods-livesharing-frameworks-${CONFIGURATION}-input-files.xcfilelist",
			);
			name = "[CP] Embed Pods Frameworks";
			outputFileListPaths = (
				"${PODS_ROOT}/Target Support Files/Pods-livesharing/Pods-livesharing-frameworks-${CONFIGURATION}-output-files.xcfilelist",
			);
			runOnlyForDeploymentPostprocessing = 0;
			shellPath = /bin/sh;
			shellScript = "\"${PODS_ROOT}/Target Support Files/Pods-livesharing/Pods-livesharing-frameworks.sh\"\n";
			showEnvVarsInLog = 0;
		};
		C5803C0E319334AAC6A401F8 /* [CP] Check Pods Manifest.lock */ = {
			isa = PBXShellScriptBuildPhase;
			buildActionMask = 2147483647;
			files = (
			);
			inputFileListPaths = (
			);
			inputPaths = (
				"${PODS_PODFILE_DIR_PATH}/Podfile.lock",
				"${PODS_ROOT}/Manifest.lock",
			);
			name = "[CP] Check Pods Manifest.lock";
			outputFileListPaths = (
			);
			outputPaths = (
				"$(DERIVED_FILE_DIR)/Pods-livesharing-checkManifestLockResult.txt",
			);
			runOnlyForDeploymentPostprocessing = 0;
			shellPath = /bin/sh;
			shellScript = "diff \"${PODS_PODFILE_DIR_PATH}/Podfile.lock\" \"${PODS_ROOT}/Manifest.lock\" > /dev/null\nif [ $? != 0 ] ; then\n    # print error to STDERR\n    echo \"error: The sandbox is not in sync with the Podfile.lock. Run 'pod install' or update your CocoaPods installation.\" >&2\n    exit 1\nfi\n# This output is used by Xcode 'outputs' to avoid re-running this script phase.\necho \"SUCCESS\" > \"${SCRIPT_OUTPUT_FILE_0}\"\n";
			showEnvVarsInLog = 0;
		};
/* End PBXShellScriptBuildPhase section */

/* Begin PBXSourcesBuildPhase section */
		D92D1956231B84EE00D82662 /* Sources */ = {
			isa = PBXSourcesBuildPhase;
			buildActionMask = 2147483647;
			files = (
				D9A7A346232B6CC8002F410C /* LiveModel.swift in Sources */,
				D94A216C232B846C000D4071 /* SigninWithMainaddressViewController.swift in Sources */,
				D92D1982231B881300D82662 /* NotificationViewController.swift in Sources */,
				D9A7A34A232B6CDA002F410C /* MusicModel.swift in Sources */,
				D92D197A231B86DE00D82662 /* CalendarViewController.swift in Sources */,
				D98DF4012325243D003F376A /* ArtistWikiViewController.swift in Sources */,
				D9A7A34E232B6DC7002F410C /* WikiModel.swift in Sources */,
				D98DF434232B215D003F376A /* LiveScheduleViewController.swift in Sources */,
				D9A7A350232B70A3002F410C /* CommentModel.swift in Sources */,
				D98DF41A23267D14003F376A /* LivePageViewController.swift in Sources */,
				D98DF438232B21F4003F376A /* FavoriteArtistsViewController.swift in Sources */,
				D98DF3F42322AE80003F376A /* ArtistPageViewController.swift in Sources */,
				D98DF41523267626003F376A /* CalendarCellViewController.swift in Sources */,
				D92D195E231B84EE00D82662 /* AppDelegate.swift in Sources */,
				D92D1976231B85D800D82662 /* ArtistsViewController.swift in Sources */,
				D9A7A344232B6CBF002F410C /* UserModel.swift in Sources */,
				D98DF42423268402003F376A /* CommentViewController.swift in Sources */,
				D9A7A34C232B6CF2002F410C /* NotificationModel.swift in Sources */,
				D9A7A340232B6845002F410C /* LiveScheduleCellViewController.swift in Sources */,
				D98DF41F232683B2003F376A /* InfoViewController.swift in Sources */,
				D94A2161232B8106000D4071 /* SigninViewController.swift in Sources */,
				D98DF43D232B4E84003F376A /* FavoriteArtistCellViewController.swift in Sources */,
				D98DF3F92325239A003F376A /* MusicViewController.swift in Sources */,
				D98DF4062325CA30003F376A /* MusicCellViewController.swift in Sources */,
				D92D1980231B87A700D82662 /* MyPageViewController.swift in Sources */,
				D98DF41023266597003F376A /* RegisterArtistViewController.swift in Sources */,
				D9A7A348232B6CCF002F410C /* ArtistModel.swift in Sources */,
				D98DF40D2325D7FE003F376A /* LiveCellViewController.swift in Sources */,
				D98DF3E823222760003F376A /* ArtistCellViewController.swift in Sources */,
				D94A2176232B9206000D4071 /* AccountModel.swift in Sources */,
				D94A2170232B8500000D4071 /* LoginViewController.swift in Sources */,
				D98DF42E232693D3003F376A /* NotificationCellViewController.swift in Sources */,
				D98DF42923268751003F376A /* CommentCellViewController.swift in Sources */,
				D98DF3FD232523F5003F376A /* LiveViewController.swift in Sources */,
			);
			runOnlyForDeploymentPostprocessing = 0;
		};
/* End PBXSourcesBuildPhase section */

/* Begin PBXVariantGroup section */
		D92D1963231B84EE00D82662 /* Main.storyboard */ = {
			isa = PBXVariantGroup;
			children = (
				D92D1964231B84EE00D82662 /* Base */,
			);
			name = Main.storyboard;
			sourceTree = "<group>";
		};
		D92D1968231B84EF00D82662 /* LaunchScreen.storyboard */ = {
			isa = PBXVariantGroup;
			children = (
				D92D1969231B84EF00D82662 /* Base */,
			);
			name = LaunchScreen.storyboard;
			sourceTree = "<group>";
		};
/* End PBXVariantGroup section */

/* Begin XCBuildConfiguration section */
		D92D196C231B84EF00D82662 /* Debug */ = {
			isa = XCBuildConfiguration;
			buildSettings = {
				ALWAYS_SEARCH_USER_PATHS = NO;
				CLANG_ANALYZER_NONNULL = YES;
				CLANG_ANALYZER_NUMBER_OBJECT_CONVERSION = YES_AGGRESSIVE;
				CLANG_CXX_LANGUAGE_STANDARD = "gnu++14";
				CLANG_CXX_LIBRARY = "libc++";
				CLANG_ENABLE_MODULES = YES;
				CLANG_ENABLE_OBJC_ARC = YES;
				CLANG_ENABLE_OBJC_WEAK = YES;
				CLANG_WARN_BLOCK_CAPTURE_AUTORELEASING = YES;
				CLANG_WARN_BOOL_CONVERSION = YES;
				CLANG_WARN_COMMA = YES;
				CLANG_WARN_CONSTANT_CONVERSION = YES;
				CLANG_WARN_DEPRECATED_OBJC_IMPLEMENTATIONS = YES;
				CLANG_WARN_DIRECT_OBJC_ISA_USAGE = YES_ERROR;
				CLANG_WARN_DOCUMENTATION_COMMENTS = YES;
				CLANG_WARN_EMPTY_BODY = YES;
				CLANG_WARN_ENUM_CONVERSION = YES;
				CLANG_WARN_INFINITE_RECURSION = YES;
				CLANG_WARN_INT_CONVERSION = YES;
				CLANG_WARN_NON_LITERAL_NULL_CONVERSION = YES;
				CLANG_WARN_OBJC_IMPLICIT_RETAIN_SELF = YES;
				CLANG_WARN_OBJC_LITERAL_CONVERSION = YES;
				CLANG_WARN_OBJC_ROOT_CLASS = YES_ERROR;
				CLANG_WARN_RANGE_LOOP_ANALYSIS = YES;
				CLANG_WARN_STRICT_PROTOTYPES = YES;
				CLANG_WARN_SUSPICIOUS_MOVE = YES;
				CLANG_WARN_UNGUARDED_AVAILABILITY = YES_AGGRESSIVE;
				CLANG_WARN_UNREACHABLE_CODE = YES;
				CLANG_WARN__DUPLICATE_METHOD_MATCH = YES;
				CODE_SIGN_IDENTITY = "iPhone Developer";
				COPY_PHASE_STRIP = NO;
				DEBUG_INFORMATION_FORMAT = dwarf;
				ENABLE_STRICT_OBJC_MSGSEND = YES;
				ENABLE_TESTABILITY = YES;
				GCC_C_LANGUAGE_STANDARD = gnu11;
				GCC_DYNAMIC_NO_PIC = NO;
				GCC_NO_COMMON_BLOCKS = YES;
				GCC_OPTIMIZATION_LEVEL = 0;
				GCC_PREPROCESSOR_DEFINITIONS = (
					"DEBUG=1",
					"$(inherited)",
				);
				GCC_WARN_64_TO_32_BIT_CONVERSION = YES;
				GCC_WARN_ABOUT_RETURN_TYPE = YES_ERROR;
				GCC_WARN_UNDECLARED_SELECTOR = YES;
				GCC_WARN_UNINITIALIZED_AUTOS = YES_AGGRESSIVE;
				GCC_WARN_UNUSED_FUNCTION = YES;
				GCC_WARN_UNUSED_VARIABLE = YES;
				IPHONEOS_DEPLOYMENT_TARGET = 12.4;
				MTL_ENABLE_DEBUG_INFO = INCLUDE_SOURCE;
				MTL_FAST_MATH = YES;
				ONLY_ACTIVE_ARCH = YES;
				SDKROOT = iphoneos;
				SWIFT_ACTIVE_COMPILATION_CONDITIONS = DEBUG;
				SWIFT_OPTIMIZATION_LEVEL = "-Onone";
			};
			name = Debug;
		};
		D92D196D231B84EF00D82662 /* Release */ = {
			isa = XCBuildConfiguration;
			buildSettings = {
				ALWAYS_SEARCH_USER_PATHS = NO;
				CLANG_ANALYZER_NONNULL = YES;
				CLANG_ANALYZER_NUMBER_OBJECT_CONVERSION = YES_AGGRESSIVE;
				CLANG_CXX_LANGUAGE_STANDARD = "gnu++14";
				CLANG_CXX_LIBRARY = "libc++";
				CLANG_ENABLE_MODULES = YES;
				CLANG_ENABLE_OBJC_ARC = YES;
				CLANG_ENABLE_OBJC_WEAK = YES;
				CLANG_WARN_BLOCK_CAPTURE_AUTORELEASING = YES;
				CLANG_WARN_BOOL_CONVERSION = YES;
				CLANG_WARN_COMMA = YES;
				CLANG_WARN_CONSTANT_CONVERSION = YES;
				CLANG_WARN_DEPRECATED_OBJC_IMPLEMENTATIONS = YES;
				CLANG_WARN_DIRECT_OBJC_ISA_USAGE = YES_ERROR;
				CLANG_WARN_DOCUMENTATION_COMMENTS = YES;
				CLANG_WARN_EMPTY_BODY = YES;
				CLANG_WARN_ENUM_CONVERSION = YES;
				CLANG_WARN_INFINITE_RECURSION = YES;
				CLANG_WARN_INT_CONVERSION = YES;
				CLANG_WARN_NON_LITERAL_NULL_CONVERSION = YES;
				CLANG_WARN_OBJC_IMPLICIT_RETAIN_SELF = YES;
				CLANG_WARN_OBJC_LITERAL_CONVERSION = YES;
				CLANG_WARN_OBJC_ROOT_CLASS = YES_ERROR;
				CLANG_WARN_RANGE_LOOP_ANALYSIS = YES;
				CLANG_WARN_STRICT_PROTOTYPES = YES;
				CLANG_WARN_SUSPICIOUS_MOVE = YES;
				CLANG_WARN_UNGUARDED_AVAILABILITY = YES_AGGRESSIVE;
				CLANG_WARN_UNREACHABLE_CODE = YES;
				CLANG_WARN__DUPLICATE_METHOD_MATCH = YES;
				CODE_SIGN_IDENTITY = "iPhone Developer";
				COPY_PHASE_STRIP = NO;
				DEBUG_INFORMATION_FORMAT = "dwarf-with-dsym";
				ENABLE_NS_ASSERTIONS = NO;
				ENABLE_STRICT_OBJC_MSGSEND = YES;
				GCC_C_LANGUAGE_STANDARD = gnu11;
				GCC_NO_COMMON_BLOCKS = YES;
				GCC_WARN_64_TO_32_BIT_CONVERSION = YES;
				GCC_WARN_ABOUT_RETURN_TYPE = YES_ERROR;
				GCC_WARN_UNDECLARED_SELECTOR = YES;
				GCC_WARN_UNINITIALIZED_AUTOS = YES_AGGRESSIVE;
				GCC_WARN_UNUSED_FUNCTION = YES;
				GCC_WARN_UNUSED_VARIABLE = YES;
				IPHONEOS_DEPLOYMENT_TARGET = 12.4;
				MTL_ENABLE_DEBUG_INFO = NO;
				MTL_FAST_MATH = YES;
				SDKROOT = iphoneos;
				SWIFT_COMPILATION_MODE = wholemodule;
				SWIFT_OPTIMIZATION_LEVEL = "-O";
				VALIDATE_PRODUCT = YES;
			};
			name = Release;
		};
		D92D196F231B84EF00D82662 /* Debug */ = {
			isa = XCBuildConfiguration;
			baseConfigurationReference = 2FB3ACBD57BA3DDC39F171A8 /* Pods-livesharing.debug.xcconfig */;
			buildSettings = {
				ASSETCATALOG_COMPILER_APPICON_NAME = AppIcon;
				CODE_SIGN_STYLE = Automatic;
				DEVELOPMENT_TEAM = 6WL9GUCS6V;
				INFOPLIST_FILE = livesharing/Info.plist;
				LD_RUNPATH_SEARCH_PATHS = (
					"$(inherited)",
					"@executable_path/Frameworks",
				);
				PRODUCT_BUNDLE_IDENTIFIER = masatsch.livesharing;
				PRODUCT_NAME = "$(TARGET_NAME)";
				SWIFT_VERSION = 5.0;
				TARGETED_DEVICE_FAMILY = "1,2";
			};
			name = Debug;
		};
		D92D1970231B84EF00D82662 /* Release */ = {
			isa = XCBuildConfiguration;
			baseConfigurationReference = 5B2B72A6E553890F0B5C9D23 /* Pods-livesharing.release.xcconfig */;
			buildSettings = {
				ASSETCATALOG_COMPILER_APPICON_NAME = AppIcon;
				CODE_SIGN_STYLE = Automatic;
				DEVELOPMENT_TEAM = 6WL9GUCS6V;
				INFOPLIST_FILE = livesharing/Info.plist;
				LD_RUNPATH_SEARCH_PATHS = (
					"$(inherited)",
					"@executable_path/Frameworks",
				);
				PRODUCT_BUNDLE_IDENTIFIER = masatsch.livesharing;
				PRODUCT_NAME = "$(TARGET_NAME)";
				SWIFT_VERSION = 5.0;
				TARGETED_DEVICE_FAMILY = "1,2";
			};
			name = Release;
		};
/* End XCBuildConfiguration section */

/* Begin XCConfigurationList section */
		D92D1955231B84EE00D82662 /* Build configuration list for PBXProject "livesharing" */ = {
			isa = XCConfigurationList;
			buildConfigurations = (
				D92D196C231B84EF00D82662 /* Debug */,
				D92D196D231B84EF00D82662 /* Release */,
			);
			defaultConfigurationIsVisible = 0;
			defaultConfigurationName = Release;
		};
		D92D196E231B84EF00D82662 /* Build configuration list for PBXNativeTarget "livesharing" */ = {
			isa = XCConfigurationList;
			buildConfigurations = (
				D92D196F231B84EF00D82662 /* Debug */,
				D92D1970231B84EF00D82662 /* Release */,
			);
			defaultConfigurationIsVisible = 0;
			defaultConfigurationName = Release;
		};
/* End XCConfigurationList section */
	};
	rootObject = D92D1952231B84EE00D82662 /* Project object */;
}
