// !$*UTF8*$!
{
	archiveVersion = 1;
	classes = {
	};
	objectVersion = 50;
	objects = {

/* Begin PBXBuildFile section */
		D92D195E231B84EE00D82662 /* AppDelegate.swift in Sources */ = {isa = PBXBuildFile; fileRef = D92D195D231B84EE00D82662 /* AppDelegate.swift */; };
		D92D1965231B84EE00D82662 /* Main.storyboard in Resources */ = {isa = PBXBuildFile; fileRef = D92D1963231B84EE00D82662 /* Main.storyboard */; };
		D92D1967231B84EF00D82662 /* Assets.xcassets in Resources */ = {isa = PBXBuildFile; fileRef = D92D1966231B84EF00D82662 /* Assets.xcassets */; };
		D92D196A231B84EF00D82662 /* LaunchScreen.storyboard in Resources */ = {isa = PBXBuildFile; fileRef = D92D1968231B84EF00D82662 /* LaunchScreen.storyboard */; };
		D92D1976231B85D800D82662 /* ArtistsViewController.swift in Sources */ = {isa = PBXBuildFile; fileRef = D92D1975231B85D800D82662 /* ArtistsViewController.swift */; };
		D92D1978231B85E800D82662 /* Artists.storyboard in Resources */ = {isa = PBXBuildFile; fileRef = D92D1977231B85E800D82662 /* Artists.storyboard */; };
		D92D197A231B86DE00D82662 /* CalendarViewController.swift in Sources */ = {isa = PBXBuildFile; fileRef = D92D1979231B86DE00D82662 /* CalendarViewController.swift */; };
		D92D197C231B86E800D82662 /* Calendar.storyboard in Resources */ = {isa = PBXBuildFile; fileRef = D92D197B231B86E800D82662 /* Calendar.storyboard */; };
		D92D197E231B879D00D82662 /* MyPage.storyboard in Resources */ = {isa = PBXBuildFile; fileRef = D92D197D231B879D00D82662 /* MyPage.storyboard */; };
		D92D1980231B87A700D82662 /* MyPageViewController.swift in Sources */ = {isa = PBXBuildFile; fileRef = D92D197F231B87A700D82662 /* MyPageViewController.swift */; };
		D92D1982231B881300D82662 /* NotificationViewController.swift in Sources */ = {isa = PBXBuildFile; fileRef = D92D1981231B881300D82662 /* NotificationViewController.swift */; };
		D92D1984231B883800D82662 /* Notification.storyboard in Resources */ = {isa = PBXBuildFile; fileRef = D92D1983231B883800D82662 /* Notification.storyboard */; };
		D92D1987231B90DC00D82662 /* CalendarUseCase.swift in Sources */ = {isa = PBXBuildFile; fileRef = D92D1986231B90DC00D82662 /* CalendarUseCase.swift */; };
		D92D198B231B94D800D82662 /* CalendarModel.swift in Sources */ = {isa = PBXBuildFile; fileRef = D92D198A231B94D800D82662 /* CalendarModel.swift */; };
		D98DF3E823222760003F376A /* ArtistCellViewController.swift in Sources */ = {isa = PBXBuildFile; fileRef = D98DF3E723222760003F376A /* ArtistCellViewController.swift */; };
		D98DF3EC23227383003F376A /* ArtistCell.xib in Resources */ = {isa = PBXBuildFile; fileRef = D98DF3EB23227383003F376A /* ArtistCell.xib */; };
/* End PBXBuildFile section */

/* Begin PBXFileReference section */
		D92D195A231B84EE00D82662 /* livesharing.app */ = {isa = PBXFileReference; explicitFileType = wrapper.application; includeInIndex = 0; path = livesharing.app; sourceTree = BUILT_PRODUCTS_DIR; };
		D92D195D231B84EE00D82662 /* AppDelegate.swift */ = {isa = PBXFileReference; lastKnownFileType = sourcecode.swift; path = AppDelegate.swift; sourceTree = "<group>"; };
		D92D1964231B84EE00D82662 /* Base */ = {isa = PBXFileReference; lastKnownFileType = file.storyboard; name = Base; path = Base.lproj/Main.storyboard; sourceTree = "<group>"; };
		D92D1966231B84EF00D82662 /* Assets.xcassets */ = {isa = PBXFileReference; lastKnownFileType = folder.assetcatalog; path = Assets.xcassets; sourceTree = "<group>"; };
		D92D1969231B84EF00D82662 /* Base */ = {isa = PBXFileReference; lastKnownFileType = file.storyboard; name = Base; path = Base.lproj/LaunchScreen.storyboard; sourceTree = "<group>"; };
		D92D196B231B84EF00D82662 /* Info.plist */ = {isa = PBXFileReference; lastKnownFileType = text.plist.xml; path = Info.plist; sourceTree = "<group>"; };
		D92D1975231B85D800D82662 /* ArtistsViewController.swift */ = {isa = PBXFileReference; lastKnownFileType = sourcecode.swift; path = ArtistsViewController.swift; sourceTree = "<group>"; };
		D92D1977231B85E800D82662 /* Artists.storyboard */ = {isa = PBXFileReference; lastKnownFileType = file.storyboard; path = Artists.storyboard; sourceTree = "<group>"; };
		D92D1979231B86DE00D82662 /* CalendarViewController.swift */ = {isa = PBXFileReference; lastKnownFileType = sourcecode.swift; path = CalendarViewController.swift; sourceTree = "<group>"; };
		D92D197B231B86E800D82662 /* Calendar.storyboard */ = {isa = PBXFileReference; lastKnownFileType = file.storyboard; path = Calendar.storyboard; sourceTree = "<group>"; };
		D92D197D231B879D00D82662 /* MyPage.storyboard */ = {isa = PBXFileReference; lastKnownFileType = file.storyboard; path = MyPage.storyboard; sourceTree = "<group>"; };
		D92D197F231B87A700D82662 /* MyPageViewController.swift */ = {isa = PBXFileReference; lastKnownFileType = sourcecode.swift; path = MyPageViewController.swift; sourceTree = "<group>"; };
		D92D1981231B881300D82662 /* NotificationViewController.swift */ = {isa = PBXFileReference; lastKnownFileType = sourcecode.swift; path = NotificationViewController.swift; sourceTree = "<group>"; };
		D92D1983231B883800D82662 /* Notification.storyboard */ = {isa = PBXFileReference; lastKnownFileType = file.storyboard; path = Notification.storyboard; sourceTree = "<group>"; };
		D92D1986231B90DC00D82662 /* CalendarUseCase.swift */ = {isa = PBXFileReference; lastKnownFileType = sourcecode.swift; path = CalendarUseCase.swift; sourceTree = "<group>"; };
		D92D198A231B94D800D82662 /* CalendarModel.swift */ = {isa = PBXFileReference; lastKnownFileType = sourcecode.swift; path = CalendarModel.swift; sourceTree = "<group>"; };
		D98DF3E723222760003F376A /* ArtistCellViewController.swift */ = {isa = PBXFileReference; lastKnownFileType = sourcecode.swift; path = ArtistCellViewController.swift; sourceTree = "<group>"; };
		D98DF3EB23227383003F376A /* ArtistCell.xib */ = {isa = PBXFileReference; lastKnownFileType = file.xib; path = ArtistCell.xib; sourceTree = "<group>"; };
/* End PBXFileReference section */

/* Begin PBXFrameworksBuildPhase section */
		D92D1957231B84EE00D82662 /* Frameworks */ = {
			isa = PBXFrameworksBuildPhase;
			buildActionMask = 2147483647;
			files = (
			);
			runOnlyForDeploymentPostprocessing = 0;
		};
/* End PBXFrameworksBuildPhase section */

/* Begin PBXGroup section */
		D92D1951231B84EE00D82662 = {
			isa = PBXGroup;
			children = (
				D92D195C231B84EE00D82662 /* livesharing */,
				D92D195B231B84EE00D82662 /* Products */,
			);
			sourceTree = "<group>";
		};
		D92D195B231B84EE00D82662 /* Products */ = {
			isa = PBXGroup;
			children = (
				D92D195A231B84EE00D82662 /* livesharing.app */,
			);
			name = Products;
			sourceTree = "<group>";
		};
		D92D195C231B84EE00D82662 /* livesharing */ = {
			isa = PBXGroup;
			children = (
				D92D1989231B941D00D82662 /* View */,
				D92D1988231B940C00D82662 /* Model */,
				D92D196B231B84EF00D82662 /* Info.plist */,
				D92D1968231B84EF00D82662 /* LaunchScreen.storyboard */,
			);
			path = livesharing;
			sourceTree = "<group>";
		};
		D92D1971231B84FC00D82662 /* Calendar */ = {
			isa = PBXGroup;
			children = (
				D92D1985231B90C400D82662 /* Domain */,
				D92D1979231B86DE00D82662 /* CalendarViewController.swift */,
				D92D197B231B86E800D82662 /* Calendar.storyboard */,
			);
			path = Calendar;
			sourceTree = "<group>";
		};
		D92D1972231B851300D82662 /* Artists */ = {
			isa = PBXGroup;
			children = (
				D98DF3E623222746003F376A /* ArtistsCell */,
				D92D1975231B85D800D82662 /* ArtistsViewController.swift */,
				D92D1977231B85E800D82662 /* Artists.storyboard */,
			);
			path = Artists;
			sourceTree = "<group>";
		};
		D92D1973231B852100D82662 /* MyPage */ = {
			isa = PBXGroup;
			children = (
				D92D197F231B87A700D82662 /* MyPageViewController.swift */,
				D92D197D231B879D00D82662 /* MyPage.storyboard */,
			);
			path = MyPage;
			sourceTree = "<group>";
		};
		D92D1974231B853000D82662 /* Notification */ = {
			isa = PBXGroup;
			children = (
				D92D1981231B881300D82662 /* NotificationViewController.swift */,
				D92D1983231B883800D82662 /* Notification.storyboard */,
			);
			path = Notification;
			sourceTree = "<group>";
		};
		D92D1985231B90C400D82662 /* Domain */ = {
			isa = PBXGroup;
			children = (
				D92D1986231B90DC00D82662 /* CalendarUseCase.swift */,
			);
			path = Domain;
			sourceTree = "<group>";
		};
		D92D1988231B940C00D82662 /* Model */ = {
			isa = PBXGroup;
			children = (
				D92D198A231B94D800D82662 /* CalendarModel.swift */,
			);
			path = Model;
			sourceTree = "<group>";
		};
		D92D1989231B941D00D82662 /* View */ = {
			isa = PBXGroup;
			children = (
				D92D1963231B84EE00D82662 /* Main.storyboard */,
				D92D195D231B84EE00D82662 /* AppDelegate.swift */,
				D92D1966231B84EF00D82662 /* Assets.xcassets */,
				D92D1971231B84FC00D82662 /* Calendar */,
				D92D1972231B851300D82662 /* Artists */,
				D92D1974231B853000D82662 /* Notification */,
				D92D1973231B852100D82662 /* MyPage */,
			);
			path = View;
			sourceTree = "<group>";
		};
		D98DF3E623222746003F376A /* ArtistsCell */ = {
			isa = PBXGroup;
			children = (
				D98DF3E723222760003F376A /* ArtistCellViewController.swift */,
				D98DF3EB23227383003F376A /* ArtistCell.xib */,
			);
			path = ArtistsCell;
			sourceTree = "<group>";
		};
/* End PBXGroup section */

/* Begin PBXNativeTarget section */
		D92D1959231B84EE00D82662 /* livesharing */ = {
			isa = PBXNativeTarget;
			buildConfigurationList = D92D196E231B84EF00D82662 /* Build configuration list for PBXNativeTarget "livesharing" */;
			buildPhases = (
				D92D1956231B84EE00D82662 /* Sources */,
				D92D1957231B84EE00D82662 /* Frameworks */,
				D92D1958231B84EE00D82662 /* Resources */,
			);
			buildRules = (
			);
			dependencies = (
			);
			name = livesharing;
			productName = livesharing;
			productReference = D92D195A231B84EE00D82662 /* livesharing.app */;
			productType = "com.apple.product-type.application";
		};
/* End PBXNativeTarget section */

/* Begin PBXProject section */
		D92D1952231B84EE00D82662 /* Project object */ = {
			isa = PBXProject;
			attributes = {
				LastSwiftUpdateCheck = 1030;
				LastUpgradeCheck = 1030;
				ORGANIZATIONNAME = "Masato TSUTSUMI";
				TargetAttributes = {
					D92D1959231B84EE00D82662 = {
						CreatedOnToolsVersion = 10.3;
					};
				};
			};
			buildConfigurationList = D92D1955231B84EE00D82662 /* Build configuration list for PBXProject "livesharing" */;
			compatibilityVersion = "Xcode 9.3";
			developmentRegion = en;
			hasScannedForEncodings = 0;
			knownRegions = (
				en,
				Base,
			);
			mainGroup = D92D1951231B84EE00D82662;
			productRefGroup = D92D195B231B84EE00D82662 /* Products */;
			projectDirPath = "";
			projectRoot = "";
			targets = (
				D92D1959231B84EE00D82662 /* livesharing */,
			);
		};
/* End PBXProject section */

/* Begin PBXResourcesBuildPhase section */
		D92D1958231B84EE00D82662 /* Resources */ = {
			isa = PBXResourcesBuildPhase;
			buildActionMask = 2147483647;
			files = (
				D92D196A231B84EF00D82662 /* LaunchScreen.storyboard in Resources */,
				D92D197E231B879D00D82662 /* MyPage.storyboard in Resources */,
				D92D1967231B84EF00D82662 /* Assets.xcassets in Resources */,
				D92D1965231B84EE00D82662 /* Main.storyboard in Resources */,
				D92D197C231B86E800D82662 /* Calendar.storyboard in Resources */,
				D92D1978231B85E800D82662 /* Artists.storyboard in Resources */,
				D98DF3EC23227383003F376A /* ArtistCell.xib in Resources */,
				D92D1984231B883800D82662 /* Notification.storyboard in Resources */,
			);
			runOnlyForDeploymentPostprocessing = 0;
		};
/* End PBXResourcesBuildPhase section */

/* Begin PBXSourcesBuildPhase section */
		D92D1956231B84EE00D82662 /* Sources */ = {
			isa = PBXSourcesBuildPhase;
			buildActionMask = 2147483647;
			files = (
				D92D1982231B881300D82662 /* NotificationViewController.swift in Sources */,
				D92D1987231B90DC00D82662 /* CalendarUseCase.swift in Sources */,
				D92D197A231B86DE00D82662 /* CalendarViewController.swift in Sources */,
				D92D195E231B84EE00D82662 /* AppDelegate.swift in Sources */,
				D92D1976231B85D800D82662 /* ArtistsViewController.swift in Sources */,
				D92D1980231B87A700D82662 /* MyPageViewController.swift in Sources */,
				D92D198B231B94D800D82662 /* CalendarModel.swift in Sources */,
				D98DF3E823222760003F376A /* ArtistCellViewController.swift in Sources */,
			);
			runOnlyForDeploymentPostprocessing = 0;
		};
/* End PBXSourcesBuildPhase section */

/* Begin PBXVariantGroup section */
		D92D1963231B84EE00D82662 /* Main.storyboard */ = {
			isa = PBXVariantGroup;
			children = (
				D92D1964231B84EE00D82662 /* Base */,
			);
			name = Main.storyboard;
			sourceTree = "<group>";
		};
		D92D1968231B84EF00D82662 /* LaunchScreen.storyboard */ = {
			isa = PBXVariantGroup;
			children = (
				D92D1969231B84EF00D82662 /* Base */,
			);
			name = LaunchScreen.storyboard;
			sourceTree = "<group>";
		};
/* End PBXVariantGroup section */

/* Begin XCBuildConfiguration section */
		D92D196C231B84EF00D82662 /* Debug */ = {
			isa = XCBuildConfiguration;
			buildSettings = {
				ALWAYS_SEARCH_USER_PATHS = NO;
				CLANG_ANALYZER_NONNULL = YES;
				CLANG_ANALYZER_NUMBER_OBJECT_CONVERSION = YES_AGGRESSIVE;
				CLANG_CXX_LANGUAGE_STANDARD = "gnu++14";
				CLANG_CXX_LIBRARY = "libc++";
				CLANG_ENABLE_MODULES = YES;
				CLANG_ENABLE_OBJC_ARC = YES;
				CLANG_ENABLE_OBJC_WEAK = YES;
				CLANG_WARN_BLOCK_CAPTURE_AUTORELEASING = YES;
				CLANG_WARN_BOOL_CONVERSION = YES;
				CLANG_WARN_COMMA = YES;
				CLANG_WARN_CONSTANT_CONVERSION = YES;
				CLANG_WARN_DEPRECATED_OBJC_IMPLEMENTATIONS = YES;
				CLANG_WARN_DIRECT_OBJC_ISA_USAGE = YES_ERROR;
				CLANG_WARN_DOCUMENTATION_COMMENTS = YES;
				CLANG_WARN_EMPTY_BODY = YES;
				CLANG_WARN_ENUM_CONVERSION = YES;
				CLANG_WARN_INFINITE_RECURSION = YES;
				CLANG_WARN_INT_CONVERSION = YES;
				CLANG_WARN_NON_LITERAL_NULL_CONVERSION = YES;
				CLANG_WARN_OBJC_IMPLICIT_RETAIN_SELF = YES;
				CLANG_WARN_OBJC_LITERAL_CONVERSION = YES;
				CLANG_WARN_OBJC_ROOT_CLASS = YES_ERROR;
				CLANG_WARN_RANGE_LOOP_ANALYSIS = YES;
				CLANG_WARN_STRICT_PROTOTYPES = YES;
				CLANG_WARN_SUSPICIOUS_MOVE = YES;
				CLANG_WARN_UNGUARDED_AVAILABILITY = YES_AGGRESSIVE;
				CLANG_WARN_UNREACHABLE_CODE = YES;
				CLANG_WARN__DUPLICATE_METHOD_MATCH = YES;
				CODE_SIGN_IDENTITY = "iPhone Developer";
				COPY_PHASE_STRIP = NO;
				DEBUG_INFORMATION_FORMAT = dwarf;
				ENABLE_STRICT_OBJC_MSGSEND = YES;
				ENABLE_TESTABILITY = YES;
				GCC_C_LANGUAGE_STANDARD = gnu11;
				GCC_DYNAMIC_NO_PIC = NO;
				GCC_NO_COMMON_BLOCKS = YES;
				GCC_OPTIMIZATION_LEVEL = 0;
				GCC_PREPROCESSOR_DEFINITIONS = (
					"DEBUG=1",
					"$(inherited)",
				);
				GCC_WARN_64_TO_32_BIT_CONVERSION = YES;
				GCC_WARN_ABOUT_RETURN_TYPE = YES_ERROR;
				GCC_WARN_UNDECLARED_SELECTOR = YES;
				GCC_WARN_UNINITIALIZED_AUTOS = YES_AGGRESSIVE;
				GCC_WARN_UNUSED_FUNCTION = YES;
				GCC_WARN_UNUSED_VARIABLE = YES;
				IPHONEOS_DEPLOYMENT_TARGET = 12.4;
				MTL_ENABLE_DEBUG_INFO = INCLUDE_SOURCE;
				MTL_FAST_MATH = YES;
				ONLY_ACTIVE_ARCH = YES;
				SDKROOT = iphoneos;
				SWIFT_ACTIVE_COMPILATION_CONDITIONS = DEBUG;
				SWIFT_OPTIMIZATION_LEVEL = "-Onone";
			};
			name = Debug;
		};
		D92D196D231B84EF00D82662 /* Release */ = {
			isa = XCBuildConfiguration;
			buildSettings = {
				ALWAYS_SEARCH_USER_PATHS = NO;
				CLANG_ANALYZER_NONNULL = YES;
				CLANG_ANALYZER_NUMBER_OBJECT_CONVERSION = YES_AGGRESSIVE;
				CLANG_CXX_LANGUAGE_STANDARD = "gnu++14";
				CLANG_CXX_LIBRARY = "libc++";
				CLANG_ENABLE_MODULES = YES;
				CLANG_ENABLE_OBJC_ARC = YES;
				CLANG_ENABLE_OBJC_WEAK = YES;
				CLANG_WARN_BLOCK_CAPTURE_AUTORELEASING = YES;
				CLANG_WARN_BOOL_CONVERSION = YES;
				CLANG_WARN_COMMA = YES;
				CLANG_WARN_CONSTANT_CONVERSION = YES;
				CLANG_WARN_DEPRECATED_OBJC_IMPLEMENTATIONS = YES;
				CLANG_WARN_DIRECT_OBJC_ISA_USAGE = YES_ERROR;
				CLANG_WARN_DOCUMENTATION_COMMENTS = YES;
				CLANG_WARN_EMPTY_BODY = YES;
				CLANG_WARN_ENUM_CONVERSION = YES;
				CLANG_WARN_INFINITE_RECURSION = YES;
				CLANG_WARN_INT_CONVERSION = YES;
				CLANG_WARN_NON_LITERAL_NULL_CONVERSION = YES;
				CLANG_WARN_OBJC_IMPLICIT_RETAIN_SELF = YES;
				CLANG_WARN_OBJC_LITERAL_CONVERSION = YES;
				CLANG_WARN_OBJC_ROOT_CLASS = YES_ERROR;
				CLANG_WARN_RANGE_LOOP_ANALYSIS = YES;
				CLANG_WARN_STRICT_PROTOTYPES = YES;
				CLANG_WARN_SUSPICIOUS_MOVE = YES;
				CLANG_WARN_UNGUARDED_AVAILABILITY = YES_AGGRESSIVE;
				CLANG_WARN_UNREACHABLE_CODE = YES;
				CLANG_WARN__DUPLICATE_METHOD_MATCH = YES;
				CODE_SIGN_IDENTITY = "iPhone Developer";
				COPY_PHASE_STRIP = NO;
				DEBUG_INFORMATION_FORMAT = "dwarf-with-dsym";
				ENABLE_NS_ASSERTIONS = NO;
				ENABLE_STRICT_OBJC_MSGSEND = YES;
				GCC_C_LANGUAGE_STANDARD = gnu11;
				GCC_NO_COMMON_BLOCKS = YES;
				GCC_WARN_64_TO_32_BIT_CONVERSION = YES;
				GCC_WARN_ABOUT_RETURN_TYPE = YES_ERROR;
				GCC_WARN_UNDECLARED_SELECTOR = YES;
				GCC_WARN_UNINITIALIZED_AUTOS = YES_AGGRESSIVE;
				GCC_WARN_UNUSED_FUNCTION = YES;
				GCC_WARN_UNUSED_VARIABLE = YES;
				IPHONEOS_DEPLOYMENT_TARGET = 12.4;
				MTL_ENABLE_DEBUG_INFO = NO;
				MTL_FAST_MATH = YES;
				SDKROOT = iphoneos;
				SWIFT_COMPILATION_MODE = wholemodule;
				SWIFT_OPTIMIZATION_LEVEL = "-O";
				VALIDATE_PRODUCT = YES;
			};
			name = Release;
		};
		D92D196F231B84EF00D82662 /* Debug */ = {
			isa = XCBuildConfiguration;
			buildSettings = {
				ASSETCATALOG_COMPILER_APPICON_NAME = AppIcon;
				CODE_SIGN_STYLE = Automatic;
				DEVELOPMENT_TEAM = 6WL9GUCS6V;
				INFOPLIST_FILE = livesharing/Info.plist;
				LD_RUNPATH_SEARCH_PATHS = (
					"$(inherited)",
					"@executable_path/Frameworks",
				);
				PRODUCT_BUNDLE_IDENTIFIER = masatsch.livesharing;
				PRODUCT_NAME = "$(TARGET_NAME)";
				SWIFT_VERSION = 5.0;
				TARGETED_DEVICE_FAMILY = "1,2";
			};
			name = Debug;
		};
		D92D1970231B84EF00D82662 /* Release */ = {
			isa = XCBuildConfiguration;
			buildSettings = {
				ASSETCATALOG_COMPILER_APPICON_NAME = AppIcon;
				CODE_SIGN_STYLE = Automatic;
				DEVELOPMENT_TEAM = 6WL9GUCS6V;
				INFOPLIST_FILE = livesharing/Info.plist;
				LD_RUNPATH_SEARCH_PATHS = (
					"$(inherited)",
					"@executable_path/Frameworks",
				);
				PRODUCT_BUNDLE_IDENTIFIER = masatsch.livesharing;
				PRODUCT_NAME = "$(TARGET_NAME)";
				SWIFT_VERSION = 5.0;
				TARGETED_DEVICE_FAMILY = "1,2";
			};
			name = Release;
		};
/* End XCBuildConfiguration section */

/* Begin XCConfigurationList section */
		D92D1955231B84EE00D82662 /* Build configuration list for PBXProject "livesharing" */ = {
			isa = XCConfigurationList;
			buildConfigurations = (
				D92D196C231B84EF00D82662 /* Debug */,
				D92D196D231B84EF00D82662 /* Release */,
			);
			defaultConfigurationIsVisible = 0;
			defaultConfigurationName = Release;
		};
		D92D196E231B84EF00D82662 /* Build configuration list for PBXNativeTarget "livesharing" */ = {
			isa = XCConfigurationList;
			buildConfigurations = (
				D92D196F231B84EF00D82662 /* Debug */,
				D92D1970231B84EF00D82662 /* Release */,
			);
			defaultConfigurationIsVisible = 0;
			defaultConfigurationName = Release;
		};
/* End XCConfigurationList section */
	};
	rootObject = D92D1952231B84EE00D82662 /* Project object */;
}
